// !$*UTF8*$!
{
	archiveVersion = 1;
	classes = {
	};
	objectVersion = 77;
	objects = {

/* Begin PBXContainerItemProxy section */
		DAA8C89C2EB14341002190DF /* PBXContainerItemProxy */ = {
			isa = PBXContainerItemProxy;
			containerPortal = DAA8C87D2EB1433E002190DF /* Project object */;
			proxyType = 1;
			remoteGlobalIDString = DAA8C8842EB1433E002190DF;
			remoteInfo = GetWeather;
		};
		DAA8C8A62EB14341002190DF /* PBXContainerItemProxy */ = {
			isa = PBXContainerItemProxy;
			containerPortal = DAA8C87D2EB1433E002190DF /* Project object */;
			proxyType = 1;
			remoteGlobalIDString = DAA8C8842EB1433E002190DF;
			remoteInfo = GetWeather;
		};
/* End PBXContainerItemProxy section */

/* Begin PBXFileReference section */
		DAA8C8852EB1433E002190DF /* GetWeather.app */ = {isa = PBXFileReference; explicitFileType = wrapper.application; includeInIndex = 0; path = GetWeather.app; sourceTree = BUILT_PRODUCTS_DIR; };
		DAA8C89B2EB14341002190DF /* GetWeatherTests.xctest */ = {isa = PBXFileReference; explicitFileType = wrapper.cfbundle; includeInIndex = 0; path = GetWeatherTests.xctest; sourceTree = BUILT_PRODUCTS_DIR; };
		DAA8C8A52EB14341002190DF /* GetWeatherUITests.xctest */ = {isa = PBXFileReference; explicitFileType = wrapper.cfbundle; includeInIndex = 0; path = GetWeatherUITests.xctest; sourceTree = BUILT_PRODUCTS_DIR; };
/* End PBXFileReference section */

/* Begin PBXFileSystemSynchronizedBuildFileExceptionSet section */
		DAA8C8AD2EB14341002190DF /* Exceptions for "GetWeather" folder in "GetWeather" target */ = {
			isa = PBXFileSystemSynchronizedBuildFileExceptionSet;
			membershipExceptions = (
				Info.plist,
			);
			target = DAA8C8842EB1433E002190DF /* GetWeather */;
		};
/* End PBXFileSystemSynchronizedBuildFileExceptionSet section */

/* Begin PBXFileSystemSynchronizedRootGroup section */
		DAA8C8872EB1433E002190DF /* GetWeather */ = {
			isa = PBXFileSystemSynchronizedRootGroup;
			exceptions = (
				DAA8C8AD2EB14341002190DF /* Exceptions for "GetWeather" folder in "GetWeather" target */,
			);
			path = GetWeather;
			sourceTree = "<group>";
		};
		DAA8C89E2EB14341002190DF /* GetWeatherTests */ = {
			isa = PBXFileSystemSynchronizedRootGroup;
			path = GetWeatherTests;
			sourceTree = "<group>";
		};
		DAA8C8A82EB14341002190DF /* GetWeatherUITests */ = {
			isa = PBXFileSystemSynchronizedRootGroup;
			path = GetWeatherUITests;
			sourceTree = "<group>";
		};
		DAA8C8C02EB1498A002190DF /* New Folder */ = {
			isa = PBXFileSystemSynchronizedRootGroup;
			path = "New Folder";
			sourceTree = "<group>";
		};
/* End PBXFileSystemSynchronizedRootGroup section */

/* Begin PBXFrameworksBuildPhase section */
		DAA8C8822EB1433E002190DF /* Frameworks */ = {
			isa = PBXFrameworksBuildPhase;
			buildActionMask = 2147483647;
			files = (
			);
			runOnlyForDeploymentPostprocessing = 0;
		};
		DAA8C8982EB14341002190DF /* Frameworks */ = {
			isa = PBXFrameworksBuildPhase;
			buildActionMask = 2147483647;
			files = (
			);
			runOnlyForDeploymentPostprocessing = 0;
		};
		DAA8C8A22EB14341002190DF /* Frameworks */ = {
			isa = PBXFrameworksBuildPhase;
			buildActionMask = 2147483647;
			files = (
			);
			runOnlyForDeploymentPostprocessing = 0;
		};
/* End PBXFrameworksBuildPhase section */

/* Begin PBXGroup section */
		DAA8C87C2EB1433E002190DF = {
			isa = PBXGroup;
			children = (
				DAA8C8872EB1433E002190DF /* GetWeather */,
				DAA8C89E2EB14341002190DF /* GetWeatherTests */,
				DAA8C8A82EB14341002190DF /* GetWeatherUITests */,
				DAA8C8862EB1433E002190DF /* Products */,
				DAA8C8C02EB1498A002190DF /* New Folder */,
			);
			sourceTree = "<group>";
		};
		DAA8C8862EB1433E002190DF /* Products */ = {
			isa = PBXGroup;
			children = (
				DAA8C8852EB1433E002190DF /* GetWeather.app */,
				DAA8C89B2EB14341002190DF /* GetWeatherTests.xctest */,
				DAA8C8A52EB14341002190DF /* GetWeatherUITests.xctest */,
			);
			name = Products;
			sourceTree = "<group>";
		};
/* End PBXGroup section */

/* Begin PBXNativeTarget section */
		DAA8C8842EB1433E002190DF /* GetWeather */ = {
			isa = PBXNativeTarget;
			buildConfigurationList = DAA8C8AE2EB14341002190DF /* Build configuration list for PBXNativeTarget "GetWeather" */;
			buildPhases = (
				DAA8C8812EB1433E002190DF /* Sources */,
				DAA8C8822EB1433E002190DF /* Frameworks */,
				DAA8C8832EB1433E002190DF /* Resources */,
			);
			buildRules = (
			);
			dependencies = (
			);
			fileSystemSynchronizedGroups = (
				DAA8C8872EB1433E002190DF /* GetWeather */,
				DAA8C8C02EB1498A002190DF /* New Folder */,
			);
			name = GetWeather;
			packageProductDependencies = (
			);
			productName = GetWeather;
			productReference = DAA8C8852EB1433E002190DF /* GetWeather.app */;
			productType = "com.apple.product-type.application";
		};
		DAA8C89A2EB14341002190DF /* GetWeatherTests */ = {
			isa = PBXNativeTarget;
			buildConfigurationList = DAA8C8B32EB14341002190DF /* Build configuration list for PBXNativeTarget "GetWeatherTests" */;
			buildPhases = (
				DAA8C8972EB14341002190DF /* Sources */,
				DAA8C8982EB14341002190DF /* Frameworks */,
				DAA8C8992EB14341002190DF /* Resources */,
			);
			buildRules = (
			);
			dependencies = (
				DAA8C89D2EB14341002190DF /* PBXTargetDependency */,
			);
			fileSystemSynchronizedGroups = (
				DAA8C89E2EB14341002190DF /* GetWeatherTests */,
			);
			name = GetWeatherTests;
			packageProductDependencies = (
			);
			productName = GetWeatherTests;
			productReference = DAA8C89B2EB14341002190DF /* GetWeatherTests.xctest */;
			productType = "com.apple.product-type.bundle.unit-test";
		};
		DAA8C8A42EB14341002190DF /* GetWeatherUITests */ = {
			isa = PBXNativeTarget;
			buildConfigurationList = DAA8C8B62EB14341002190DF /* Build configuration list for PBXNativeTarget "GetWeatherUITests" */;
			buildPhases = (
				DAA8C8A12EB14341002190DF /* Sources */,
				DAA8C8A22EB14341002190DF /* Frameworks */,
				DAA8C8A32EB14341002190DF /* Resources */,
			);
			buildRules = (
			);
			dependencies = (
				DAA8C8A72EB14341002190DF /* PBXTargetDependency */,
			);
			fileSystemSynchronizedGroups = (
				DAA8C8A82EB14341002190DF /* GetWeatherUITests */,
			);
			name = GetWeatherUITests;
			packageProductDependencies = (
			);
			productName = GetWeatherUITests;
			productReference = DAA8C8A52EB14341002190DF /* GetWeatherUITests.xctest */;
			productType = "com.apple.product-type.bundle.ui-testing";
		};
/* End PBXNativeTarget section */

/* Begin PBXProject section */
		DAA8C87D2EB1433E002190DF /* Project object */ = {
			isa = PBXProject;
			attributes = {
				BuildIndependentTargetsInParallel = 1;
				LastSwiftUpdateCheck = 2600;
				LastUpgradeCheck = 2600;
				TargetAttributes = {
					DAA8C8842EB1433E002190DF = {
						CreatedOnToolsVersion = 26.0;
					};
					DAA8C89A2EB14341002190DF = {
						CreatedOnToolsVersion = 26.0;
						TestTargetID = DAA8C8842EB1433E002190DF;
					};
					DAA8C8A42EB14341002190DF = {
						CreatedOnToolsVersion = 26.0;
						TestTargetID = DAA8C8842EB1433E002190DF;
					};
				};
			};
			buildConfigurationList = DAA8C8802EB1433E002190DF /* Build configuration list for PBXProject "GetWeather" */;
			developmentRegion = en;
			hasScannedForEncodings = 0;
			knownRegions = (
				en,
				Base,
			);
			mainGroup = DAA8C87C2EB1433E002190DF;
			minimizedProjectReferenceProxies = 1;
			preferredProjectObjectVersion = 77;
			productRefGroup = DAA8C8862EB1433E002190DF /* Products */;
			projectDirPath = "";
			projectRoot = "";
			targets = (
				DAA8C8842EB1433E002190DF /* GetWeather */,
				DAA8C89A2EB14341002190DF /* GetWeatherTests */,
				DAA8C8A42EB14341002190DF /* GetWeatherUITests */,
			);
		};
/* End PBXProject section */

/* Begin PBXResourcesBuildPhase section */
		DAA8C8832EB1433E002190DF /* Resources */ = {
			isa = PBXResourcesBuildPhase;
			buildActionMask = 2147483647;
			files = (
			);
			runOnlyForDeploymentPostprocessing = 0;
		};
		DAA8C8992EB14341002190DF /* Resources */ = {
			isa = PBXResourcesBuildPhase;
			buildActionMask = 2147483647;
			files = (
			);
			runOnlyForDeploymentPostprocessing = 0;
		};
		DAA8C8A32EB14341002190DF /* Resources */ = {
			isa = PBXResourcesBuildPhase;
			buildActionMask = 2147483647;
			files = (
			);
			runOnlyForDeploymentPostprocessing = 0;
		};
/* End PBXResourcesBuildPhase section */

/* Begin PBXSourcesBuildPhase section */
		DAA8C8812EB1433E002190DF /* Sources */ = {
			isa = PBXSourcesBuildPhase;
			buildActionMask = 2147483647;
			files = (
			);
			runOnlyForDeploymentPostprocessing = 0;
		};
		DAA8C8972EB14341002190DF /* Sources */ = {
			isa = PBXSourcesBuildPhase;
			buildActionMask = 2147483647;
			files = (
			);
			runOnlyForDeploymentPostprocessing = 0;
		};
		DAA8C8A12EB14341002190DF /* Sources */ = {
			isa = PBXSourcesBuildPhase;
			buildActionMask = 2147483647;
			files = (
			);
			runOnlyForDeploymentPostprocessing = 0;
		};
/* End PBXSourcesBuildPhase section */

/* Begin PBXTargetDependency section */
		DAA8C89D2EB14341002190DF /* PBXTargetDependency */ = {
			isa = PBXTargetDependency;
			target = DAA8C8842EB1433E002190DF /* GetWeather */;
			targetProxy = DAA8C89C2EB14341002190DF /* PBXContainerItemProxy */;
		};
		DAA8C8A72EB14341002190DF /* PBXTargetDependency */ = {
			isa = PBXTargetDependency;
			target = DAA8C8842EB1433E002190DF /* GetWeather */;
			targetProxy = DAA8C8A62EB14341002190DF /* PBXContainerItemProxy */;
		};
/* End PBXTargetDependency section */

/* Begin XCBuildConfiguration section */
		DAA8C8AF2EB14341002190DF /* Debug */ = {
			isa = XCBuildConfiguration;
			buildSettings = {
				ASSETCATALOG_COMPILER_APPICON_NAME = AppIcon;
				ASSETCATALOG_COMPILER_GLOBAL_ACCENT_COLOR_NAME = AccentColor;
				CODE_SIGN_STYLE = Automatic;
				CURRENT_PROJECT_VERSION = 1;
				GENERATE_INFOPLIST_FILE = YES;
				INFOPLIST_FILE = GetWeather/Info.plist;
				INFOPLIST_KEY_UIApplicationSupportsIndirectInputEvents = YES;
				INFOPLIST_KEY_UILaunchStoryboardName = LaunchScreen;
				INFOPLIST_KEY_UIMainStoryboardFile = Main;
				INFOPLIST_KEY_UISupportedInterfaceOrientations_iPad = "UIInterfaceOrientationPortrait UIInterfaceOrientationPortraitUpsideDown UIInterfaceOrientationLandscapeLeft UIInterfaceOrientationLandscapeRight";
				INFOPLIST_KEY_UISupportedInterfaceOrientations_iPhone = "UIInterfaceOrientationPortrait UIInterfaceOrientationLandscapeLeft UIInterfaceOrientationLandscapeRight";
				LD_RUNPATH_SEARCH_PATHS = (
					"$(inherited)",
					"@executable_path/Frameworks",
				);
				MARKETING_VERSION = 1.0;
				PRODUCT_BUNDLE_IDENTIFIER = myapp.GetWeather;
				PRODUCT_NAME = "$(TARGET_NAME)";
				STRING_CATALOG_GENERATE_SYMBOLS = YES;
				SWIFT_APPROACHABLE_CONCURRENCY = YES;
				SWIFT_DEFAULT_ACTOR_ISOLATION = MainActor;
				SWIFT_EMIT_LOC_STRINGS = YES;
				SWIFT_UPCOMING_FEATURE_MEMBER_IMPORT_VISIBILITY = YES;
				SWIFT_VERSION = 5.0;
				TARGETED_DEVICE_FAMILY = "1,2";
			};
			name = Debug;
		};
		DAA8C8B02EB14341002190DF /* Release */ = {
			isa = XCBuildConfiguration;
			buildSettings = {
				ASSETCATALOG_COMPILER_APPICON_NAME = AppIcon;
				ASSETCATALOG_COMPILER_GLOBAL_ACCENT_COLOR_NAME = AccentColor;
				CODE_SIGN_STYLE = Automatic;
				CURRENT_PROJECT_VERSION = 1;
				GENERATE_INFOPLIST_FILE = YES;
				INFOPLIST_FILE = GetWeather/Info.plist;
				INFOPLIST_KEY_UIApplicationSupportsIndirectInputEvents = YES;
				INFOPLIST_KEY_UILaunchStoryboardName = LaunchScreen;
				INFOPLIST_KEY_UIMainStoryboardFile = Main;
				INFOPLIST_KEY_UISupportedInterfaceOrientations_iPad = "UIInterfaceOrientationPortrait UIInterfaceOrientationPortraitUpsideDown UIInterfaceOrientationLandscapeLeft UIInterfaceOrientationLandscapeRight";
				INFOPLIST_KEY_UISupportedInterfaceOrientations_iPhone = "UIInterfaceOrientationPortrait UIInterfaceOrientationLandscapeLeft UIInterfaceOrientationLandscapeRight";
				LD_RUNPATH_SEARCH_PATHS = (
					"$(inherited)",
					"@executable_path/Frameworks",
				);
				MARKETING_VERSION = 1.0;
				PRODUCT_BUNDLE_IDENTIFIER = myapp.GetWeather;
				PRODUCT_NAME = "$(TARGET_NAME)";
				STRING_CATALOG_GENERATE_SYMBOLS = YES;
				SWIFT_APPROACHABLE_CONCURRENCY = YES;
				SWIFT_DEFAULT_ACTOR_ISOLATION = MainActor;
				SWIFT_EMIT_LOC_STRINGS = YES;
				SWIFT_UPCOMING_FEATURE_MEMBER_IMPORT_VISIBILITY = YES;
				SWIFT_VERSION = 5.0;
				TARGETED_DEVICE_FAMILY = "1,2";
			};
			name = Release;
		};
		DAA8C8B12EB14341002190DF /* Debug */ = {
			isa = XCBuildConfiguration;
			buildSettings = {
				ALWAYS_SEARCH_USER_PATHS = NO;
				ASSETCATALOG_COMPILER_GENERATE_SWIFT_ASSET_SYMBOL_EXTENSIONS = YES;
				CLANG_ANALYZER_NONNULL = YES;
				CLANG_ANALYZER_NUMBER_OBJECT_CONVERSION = YES_AGGRESSIVE;
				CLANG_CXX_LANGUAGE_STANDARD = "gnu++20";
				CLANG_ENABLE_MODULES = YES;
				CLANG_ENABLE_OBJC_ARC = YES;
				CLANG_ENABLE_OBJC_WEAK = YES;
				CLANG_WARN_BLOCK_CAPTURE_AUTORELEASING = YES;
				CLANG_WARN_BOOL_CONVERSION = YES;
				CLANG_WARN_COMMA = YES;
				CLANG_WARN_CONSTANT_CONVERSION = YES;
				CLANG_WARN_DEPRECATED_OBJC_IMPLEMENTATIONS = YES;
				CLANG_WARN_DIRECT_OBJC_ISA_USAGE = YES_ERROR;
				CLANG_WARN_DOCUMENTATION_COMMENTS = YES;
				CLANG_WARN_EMPTY_BODY = YES;
				CLANG_WARN_ENUM_CONVERSION = YES;
				CLANG_WARN_INFINITE_RECURSION = YES;
				CLANG_WARN_INT_CONVERSION = YES;
				CLANG_WARN_NON_LITERAL_NULL_CONVERSION = YES;
				CLANG_WARN_OBJC_IMPLICIT_RETAIN_SELF = YES;
				CLANG_WARN_OBJC_LITERAL_CONVERSION = YES;
				CLANG_WARN_OBJC_ROOT_CLASS = YES_ERROR;
				CLANG_WARN_QUOTED_INCLUDE_IN_FRAMEWORK_HEADER = YES;
				CLANG_WARN_RANGE_LOOP_ANALYSIS = YES;
				CLANG_WARN_STRICT_PROTOTYPES = YES;
				CLANG_WARN_SUSPICIOUS_MOVE = YES;
				CLANG_WARN_UNGUARDED_AVAILABILITY = YES_AGGRESSIVE;
				CLANG_WARN_UNREACHABLE_CODE = YES;
				CLANG_WARN__DUPLICATE_METHOD_MATCH = YES;
				COPY_PHASE_STRIP = NO;
				DEBUG_INFORMATION_FORMAT = dwarf;
				ENABLE_STRICT_OBJC_MSGSEND = YES;
				ENABLE_TESTABILITY = YES;
				ENABLE_USER_SCRIPT_SANDBOXING = YES;
				GCC_C_LANGUAGE_STANDARD = gnu17;
				GCC_DYNAMIC_NO_PIC = NO;
				GCC_NO_COMMON_BLOCKS = YES;
				GCC_OPTIMIZATION_LEVEL = 0;
				GCC_PREPROCESSOR_DEFINITIONS = (
					"DEBUG=1",
					"$(inherited)",
				);
				GCC_WARN_64_TO_32_BIT_CONVERSION = YES;
				GCC_WARN_ABOUT_RETURN_TYPE = YES_ERROR;
				GCC_WARN_UNDECLARED_SELECTOR = YES;
				GCC_WARN_UNINITIALIZED_AUTOS = YES_AGGRESSIVE;
				GCC_WARN_UNUSED_FUNCTION = YES;
				GCC_WARN_UNUSED_VARIABLE = YES;
				IPHONEOS_DEPLOYMENT_TARGET = 26.0;
				LOCALIZATION_PREFERS_STRING_CATALOGS = YES;
				MTL_ENABLE_DEBUG_INFO = INCLUDE_SOURCE;
				MTL_FAST_MATH = YES;
				ONLY_ACTIVE_ARCH = YES;
				SDKROOT = iphoneos;
				SWIFT_ACTIVE_COMPILATION_CONDITIONS = "DEBUG $(inherited)";
				SWIFT_OPTIMIZATION_LEVEL = "-Onone";
			};
			name = Debug;
		};
		DAA8C8B22EB14341002190DF /* Release */ = {
			isa = XCBuildConfiguration;
			buildSettings = {
				ALWAYS_SEARCH_USER_PATHS = NO;
				ASSETCATALOG_COMPILER_GENERATE_SWIFT_ASSET_SYMBOL_EXTENSIONS = YES;
				CLANG_ANALYZER_NONNULL = YES;
				CLANG_ANALYZER_NUMBER_OBJECT_CONVERSION = YES_AGGRESSIVE;
				CLANG_CXX_LANGUAGE_STANDARD = "gnu++20";
				CLANG_ENABLE_MODULES = YES;
				CLANG_ENABLE_OBJC_ARC = YES;
				CLANG_ENABLE_OBJC_WEAK = YES;
				CLANG_WARN_BLOCK_CAPTURE_AUTORELEASING = YES;
				CLANG_WARN_BOOL_CONVERSION = YES;
				CLANG_WARN_COMMA = YES;
				CLANG_WARN_CONSTANT_CONVERSION = YES;
				CLANG_WARN_DEPRECATED_OBJC_IMPLEMENTATIONS = YES;
				CLANG_WARN_DIRECT_OBJC_ISA_USAGE = YES_ERROR;
				CLANG_WARN_DOCUMENTATION_COMMENTS = YES;
				CLANG_WARN_EMPTY_BODY = YES;
				CLANG_WARN_ENUM_CONVERSION = YES;
				CLANG_WARN_INFINITE_RECURSION = YES;
				CLANG_WARN_INT_CONVERSION = YES;
				CLANG_WARN_NON_LITERAL_NULL_CONVERSION = YES;
				CLANG_WARN_OBJC_IMPLICIT_RETAIN_SELF = YES;
				CLANG_WARN_OBJC_LITERAL_CONVERSION = YES;
				CLANG_WARN_OBJC_ROOT_CLASS = YES_ERROR;
				CLANG_WARN_QUOTED_INCLUDE_IN_FRAMEWORK_HEADER = YES;
				CLANG_WARN_RANGE_LOOP_ANALYSIS = YES;
				CLANG_WARN_STRICT_PROTOTYPES = YES;
				CLANG_WARN_SUSPICIOUS_MOVE = YES;
				CLANG_WARN_UNGUARDED_AVAILABILITY = YES_AGGRESSIVE;
				CLANG_WARN_UNREACHABLE_CODE = YES;
				CLANG_WARN__DUPLICATE_METHOD_MATCH = YES;
				COPY_PHASE_STRIP = NO;
				DEBUG_INFORMATION_FORMAT = "dwarf-with-dsym";
				ENABLE_NS_ASSERTIONS = NO;
				ENABLE_STRICT_OBJC_MSGSEND = YES;
				ENABLE_USER_SCRIPT_SANDBOXING = YES;
				GCC_C_LANGUAGE_STANDARD = gnu17;
				GCC_NO_COMMON_BLOCKS = YES;
				GCC_WARN_64_TO_32_BIT_CONVERSION = YES;
				GCC_WARN_ABOUT_RETURN_TYPE = YES_ERROR;
				GCC_WARN_UNDECLARED_SELECTOR = YES;
				GCC_WARN_UNINITIALIZED_AUTOS = YES_AGGRESSIVE;
				GCC_WARN_UNUSED_FUNCTION = YES;
				GCC_WARN_UNUSED_VARIABLE = YES;
				IPHONEOS_DEPLOYMENT_TARGET = 26.0;
				LOCALIZATION_PREFERS_STRING_CATALOGS = YES;
				MTL_ENABLE_DEBUG_INFO = NO;
				MTL_FAST_MATH = YES;
				SDKROOT = iphoneos;
				SWIFT_COMPILATION_MODE = wholemodule;
				VALIDATE_PRODUCT = YES;
			};
			name = Release;
		};
		DAA8C8B42EB14341002190DF /* Debug */ = {
			isa = XCBuildConfiguration;
			buildSettings = {
				BUNDLE_LOADER = "$(TEST_HOST)";
				CODE_SIGN_STYLE = Automatic;
				CURRENT_PROJECT_VERSION = 1;
				GENERATE_INFOPLIST_FILE = YES;
				IPHONEOS_DEPLOYMENT_TARGET = 26.0;
				MARKETING_VERSION = 1.0;
				PRODUCT_BUNDLE_IDENTIFIER = myapp.GetWeatherTests;
				PRODUCT_NAME = "$(TARGET_NAME)";
				STRING_CATALOG_GENERATE_SYMBOLS = NO;
				SWIFT_APPROACHABLE_CONCURRENCY = YES;
				SWIFT_EMIT_LOC_STRINGS = NO;
				SWIFT_UPCOMING_FEATURE_MEMBER_IMPORT_VISIBILITY = YES;
				SWIFT_VERSION = 5.0;
				TARGETED_DEVICE_FAMILY = "1,2";
				TEST_HOST = "$(BUILT_PRODUCTS_DIR)/GetWeather.app/$(BUNDLE_EXECUTABLE_FOLDER_PATH)/GetWeather";
			};
			name = Debug;
		};
		DAA8C8B52EB14341002190DF /* Release */ = {
			isa = XCBuildConfiguration;
			buildSettings = {
				BUNDLE_LOADER = "$(TEST_HOST)";
				CODE_SIGN_STYLE = Automatic;
				CURRENT_PROJECT_VERSION = 1;
				GENERATE_INFOPLIST_FILE = YES;
				IPHONEOS_DEPLOYMENT_TARGET = 26.0;
				MARKETING_VERSION = 1.0;
				PRODUCT_BUNDLE_IDENTIFIER = myapp.GetWeatherTests;
				PRODUCT_NAME = "$(TARGET_NAME)";
				STRING_CATALOG_GENERATE_SYMBOLS = NO;
				SWIFT_APPROACHABLE_CONCURRENCY = YES;
				SWIFT_EMIT_LOC_STRINGS = NO;
				SWIFT_UPCOMING_FEATURE_MEMBER_IMPORT_VISIBILITY = YES;
				SWIFT_VERSION = 5.0;
				TARGETED_DEVICE_FAMILY = "1,2";
				TEST_HOST = "$(BUILT_PRODUCTS_DIR)/GetWeather.app/$(BUNDLE_EXECUTABLE_FOLDER_PATH)/GetWeather";
			};
			name = Release;
		};
		DAA8C8B72EB14341002190DF /* Debug */ = {
			isa = XCBuildConfiguration;
			buildSettings = {
				CODE_SIGN_STYLE = Automatic;
				CURRENT_PROJECT_VERSION = 1;
				GENERATE_INFOPLIST_FILE = YES;
				MARKETING_VERSION = 1.0;
				PRODUCT_BUNDLE_IDENTIFIER = myapp.GetWeatherUITests;
				PRODUCT_NAME = "$(TARGET_NAME)";
				STRING_CATALOG_GENERATE_SYMBOLS = NO;
				SWIFT_APPROACHABLE_CONCURRENCY = YES;
				SWIFT_EMIT_LOC_STRINGS = NO;
				SWIFT_UPCOMING_FEATURE_MEMBER_IMPORT_VISIBILITY = YES;
				SWIFT_VERSION = 5.0;
				TARGETED_DEVICE_FAMILY = "1,2";
				TEST_TARGET_NAME = GetWeather;
			};
			name = Debug;
		};
		DAA8C8B82EB14341002190DF /* Release */ = {
			isa = XCBuildConfiguration;
			buildSettings = {
				CODE_SIGN_STYLE = Automatic;
				CURRENT_PROJECT_VERSION = 1;
				GENERATE_INFOPLIST_FILE = YES;
				MARKETING_VERSION = 1.0;
				PRODUCT_BUNDLE_IDENTIFIER = myapp.GetWeatherUITests;
				PRODUCT_NAME = "$(TARGET_NAME)";
				STRING_CATALOG_GENERATE_SYMBOLS = NO;
				SWIFT_APPROACHABLE_CONCURRENCY = YES;
				SWIFT_EMIT_LOC_STRINGS = NO;
				SWIFT_UPCOMING_FEATURE_MEMBER_IMPORT_VISIBILITY = YES;
				SWIFT_VERSION = 5.0;
				TARGETED_DEVICE_FAMILY = "1,2";
				TEST_TARGET_NAME = GetWeather;
			};
			name = Release;
		};
/* End XCBuildConfiguration section */

/* Begin XCConfigurationList section */
		DAA8C8802EB1433E002190DF /* Build configuration list for PBXProject "GetWeather" */ = {
			isa = XCConfigurationList;
			buildConfigurations = (
				DAA8C8B12EB14341002190DF /* Debug */,
				DAA8C8B22EB14341002190DF /* Release */,
			);
			defaultConfigurationIsVisible = 0;
			defaultConfigurationName = Release;
		};
		DAA8C8AE2EB14341002190DF /* Build configuration list for PBXNativeTarget "GetWeather" */ = {
			isa = XCConfigurationList;
			buildConfigurations = (
				DAA8C8AF2EB14341002190DF /* Debug */,
				DAA8C8B02EB14341002190DF /* Release */,
			);
			defaultConfigurationIsVisible = 0;
			defaultConfigurationName = Release;
		};
		DAA8C8B32EB14341002190DF /* Build configuration list for PBXNativeTarget "GetWeatherTests" */ = {
			isa = XCConfigurationList;
			buildConfigurations = (
				DAA8C8B42EB14341002190DF /* Debug */,
				DAA8C8B52EB14341002190DF /* Release */,
			);
			defaultConfigurationIsVisible = 0;
			defaultConfigurationName = Release;
		};
		DAA8C8B62EB14341002190DF /* Build configuration list for PBXNativeTarget "GetWeatherUITests" */ = {
			isa = XCConfigurationList;
			buildConfigurations = (
				DAA8C8B72EB14341002190DF /* Debug */,
				DAA8C8B82EB14341002190DF /* Release */,
			);
			defaultConfigurationIsVisible = 0;
			defaultConfigurationName = Release;
		};
/* End XCConfigurationList section */
	};
	rootObject = DAA8C87D2EB1433E002190DF /* Project object */;
}
